
Microsoft Visual Studio Solution File, Format Version 12.00
# Visual Studio 15
VisualStudioVersion = 15.0.28010.2016
MinimumVisualStudioVersion = 10.0.40219.1
Project("{FAE04EC0-301F-11D3-BF4B-00C04F79EFBC}") = "GrowIndigo.API", "GrowIndigo\GrowIndigo.API.csproj", "{11C11851-C505-4933-B877-D0FF78209848}"
EndProject
Project("{FAE04EC0-301F-11D3-BF4B-00C04F79EFBC}") = "GrowMandi.Web", "GrowMandi.Web\GrowMandi.Web.csproj", "{BEA0E51D-0820-47D3-BBC7-F1CC0F4C22F3}"
EndProject
Project("{FAE04EC0-301F-11D3-BF4B-00C04F79EFBC}") = "GrowIndigo.DAL", "GrowIndigo.DAL\GrowIndigo.DAL.csproj", "{9BBE9BAB-77C5-4475-9C8C-5B89A7D1792C}"
EndProject
Project("{FAE04EC0-301F-11D3-BF4B-00C04F79EFBC}") = "GrowIndigo.BAL", "GrowIndigo.BAL\GrowIndigo.BAL.csproj", "{506D8CF8-8B25-4BD6-9CD8-9CA64D4D6D17}"
EndProject
Project("{FAE04EC0-301F-11D3-BF4B-00C04F79EFBC}") = "GrowIndigo.Utilities", "GrowIndigo.Utilities\GrowIndigo.Utilities.csproj", "{9F12E2F4-EF21-4A8D-9785-24C11295C416}"
EndProject
Global
	GlobalSection(SolutionConfigurationPlatforms) = preSolution
		Debug|Any CPU = Debug|Any CPU
		Release|Any CPU = Release|Any CPU
	EndGlobalSection
	GlobalSection(ProjectConfigurationPlatforms) = postSolution
		{11C11851-C505-4933-B877-D0FF78209848}.Debug|Any CPU.ActiveCfg = Debug|Any CPU
		{11C11851-C505-4933-B877-D0FF78209848}.Debug|Any CPU.Build.0 = Debug|Any CPU
		{11C11851-C505-4933-B877-D0FF78209848}.Release|Any CPU.ActiveCfg = Release|Any CPU
		{11C11851-C505-4933-B877-D0FF78209848}.Release|Any CPU.Build.0 = Release|Any CPU
		{BEA0E51D-0820-47D3-BBC7-F1CC0F4C22F3}.Debug|Any CPU.ActiveCfg = Debug|Any CPU
		{BEA0E51D-0820-47D3-BBC7-F1CC0F4C22F3}.Debug|Any CPU.Build.0 = Debug|Any CPU
		{BEA0E51D-0820-47D3-BBC7-F1CC0F4C22F3}.Release|Any CPU.ActiveCfg = Release|Any CPU
		{BEA0E51D-0820-47D3-BBC7-F1CC0F4C22F3}.Release|Any CPU.Build.0 = Release|Any CPU
		{9BBE9BAB-77C5-4475-9C8C-5B89A7D1792C}.Debug|Any CPU.ActiveCfg = Debug|Any CPU
		{9BBE9BAB-77C5-4475-9C8C-5B89A7D1792C}.Debug|Any CPU.Build.0 = Debug|Any CPU
		{9BBE9BAB-77C5-4475-9C8C-5B89A7D1792C}.Release|Any CPU.ActiveCfg = Release|Any CPU
		{9BBE9BAB-77C5-4475-9C8C-5B89A7D1792C}.Release|Any CPU.Build.0 = Release|Any CPU
		{506D8CF8-8B25-4BD6-9CD8-9CA64D4D6D17}.Debug|Any CPU.ActiveCfg = Debug|Any CPU
		{506D8CF8-8B25-4BD6-9CD8-9CA64D4D6D17}.Debug|Any CPU.Build.0 = Debug|Any CPU
		{506D8CF8-8B25-4BD6-9CD8-9CA64D4D6D17}.Release|Any CPU.ActiveCfg = Release|Any CPU
		{506D8CF8-8B25-4BD6-9CD8-9CA64D4D6D17}.Release|Any CPU.Build.0 = Release|Any CPU
		{9F12E2F4-EF21-4A8D-9785-24C11295C416}.Debug|Any CPU.ActiveCfg = Debug|Any CPU
		{9F12E2F4-EF21-4A8D-9785-24C11295C416}.Debug|Any CPU.Build.0 = Debug|Any CPU
		{9F12E2F4-EF21-4A8D-9785-24C11295C416}.Release|Any CPU.ActiveCfg = Release|Any CPU
		{9F12E2F4-EF21-4A8D-9785-24C11295C416}.Release|Any CPU.Build.0 = Release|Any CPU
	EndGlobalSection
	GlobalSection(SolutionProperties) = preSolution
		HideSolutionNode = FALSE
	EndGlobalSection
	GlobalSection(ExtensibilityGlobals) = postSolution
		SolutionGuid = {666C2758-D8B2-4032-852F-A616245811DD}
	EndGlobalSection
EndGlobal
